{
  "lockfileVersion": 1,
  "configVersion": 1,
  "workspaces": {
    "": {
      "devDependencies": {
        "@prettier/plugin-php": "^0.24.0",
        "prettier": "^3.8.1",
      },
    },
  },
  "packages": {
    "@prettier/plugin-php": ["@prettier/plugin-php@0.24.0", "", { "dependencies": { "linguist-languages": "^8.0.0", "php-parser": "^3.2.5" }, "peerDependencies": { "prettier": "^3.0.0" } }, "sha512-x9l65fCE/pgoET6RQowgdgG8Xmzs44z6j6Hhg3coINCyCw9JBGJ5ZzMR2XHAM2jmAdbJAIgqB6cUn4/3W3XLTA=="],

    "linguist-languages": ["linguist-languages@8.2.0", "", {}, "sha512-KCUUH9x97QWYU0SXOCGxUrZR6cSfuQrMhABB7L/0I8N0LXOeaKe7+RZs7FAwvWCV2qKfZ4Wv1luLq4OfMezSJg=="],

    "php-parser": ["php-parser@3.4.0", "", {}, "sha512-JoDPazv8OESrVtcoIuO8HC587zVNJYSYUIl9zYn+JEpwlHSOrxmyMHB+sDS0O1ID5z1aFxPnr+vAUGoSKphlHA=="],

    "prettier": ["prettier@3.8.1", "", { "bin": { "prettier": "bin/prettier.cjs" } }, "sha512-UOnG6LftzbdaHZcKoPFtOcCKztrQ57WkHDeRD9t/PTQtmT0NHSeWWepj6pS0z/N7+08BHFDQVUrfmfMRcZwbMg=="],
  }
}
